
Microsoft Visual Studio Solution File, Format Version 12.00
# Visual Studio 15
VisualStudioVersion = 15.0.26730.3
MinimumVisualStudioVersion = 10.0.40219.1
Project("{FAE04EC0-301F-11D3-BF4B-00C04F79EFBC}") = "CargaCatalogo", "CargaCatalogo\CargaCatalogo.csproj", "{0B88E839-E5E7-44CB-B3FC-01BCC184CF51}"
EndProject
Project("{FAE04EC0-301F-11D3-BF4B-00C04F79EFBC}") = "APICatalogo", "APICatalogo\APICatalogo.csproj", "{28F5DEE7-9442-4C99-94D6-1A326A22F88A}"
EndProject
Global
	GlobalSection(SolutionConfigurationPlatforms) = preSolution
		Debug|Any CPU = Debug|Any CPU
		Release|Any CPU = Release|Any CPU
	EndGlobalSection
	GlobalSection(ProjectConfigurationPlatforms) = postSolution
		{0B88E839-E5E7-44CB-B3FC-01BCC184CF51}.Debug|Any CPU.ActiveCfg = Debug|Any CPU
		{0B88E839-E5E7-44CB-B3FC-01BCC184CF51}.Debug|Any CPU.Build.0 = Debug|Any CPU
		{0B88E839-E5E7-44CB-B3FC-01BCC184CF51}.Release|Any CPU.ActiveCfg = Release|Any CPU
		{0B88E839-E5E7-44CB-B3FC-01BCC184CF51}.Release|Any CPU.Build.0 = Release|Any CPU
		{28F5DEE7-9442-4C99-94D6-1A326A22F88A}.Debug|Any CPU.ActiveCfg = Debug|Any CPU
		{28F5DEE7-9442-4C99-94D6-1A326A22F88A}.Debug|Any CPU.Build.0 = Debug|Any CPU
		{28F5DEE7-9442-4C99-94D6-1A326A22F88A}.Release|Any CPU.ActiveCfg = Release|Any CPU
		{28F5DEE7-9442-4C99-94D6-1A326A22F88A}.Release|Any CPU.Build.0 = Release|Any CPU
	EndGlobalSection
	GlobalSection(SolutionProperties) = preSolution
		HideSolutionNode = FALSE
	EndGlobalSection
	GlobalSection(ExtensibilityGlobals) = postSolution
		SolutionGuid = {16A0966A-0B31-4454-B758-6A385A515291}
	EndGlobalSection
EndGlobal
